
Microsoft Visual Studio Solution File, Format Version 12.00
# Visual Studio Version 17
VisualStudioVersion = 17.3.32825.248
MinimumVisualStudioVersion = 10.0.40219.1
Project("{FAE04EC0-301F-11D3-BF4B-00C04F79EFBC}") = "20221201_Csharp_seban", "20221201_Csharp_seban\20221201_Csharp_seban.csproj", "{CACFBD00-B4F1-4113-BA90-8EAD5DBFA453}"
EndProject
Global
	GlobalSection(SolutionConfigurationPlatforms) = preSolution
		Debug|Any CPU = Debug|Any CPU
		Release|Any CPU = Release|Any CPU
	EndGlobalSection
	GlobalSection(ProjectConfigurationPlatforms) = postSolution
		{CACFBD00-B4F1-4113-BA90-8EAD5DBFA453}.Debug|Any CPU.ActiveCfg = Debug|Any CPU
		{CACFBD00-B4F1-4113-BA90-8EAD5DBFA453}.Debug|Any CPU.Build.0 = Debug|Any CPU
		{CACFBD00-B4F1-4113-BA90-8EAD5DBFA453}.Release|Any CPU.ActiveCfg = Release|Any CPU
		{CACFBD00-B4F1-4113-BA90-8EAD5DBFA453}.Release|Any CPU.Build.0 = Release|Any CPU
	EndGlobalSection
	GlobalSection(SolutionProperties) = preSolution
		HideSolutionNode = FALSE
	EndGlobalSection
	GlobalSection(ExtensibilityGlobals) = postSolution
		SolutionGuid = {17288E9D-7D57-4E3B-A0BC-CE966446FE70}
	EndGlobalSection
EndGlobal
